// !$*UTF8*$!
{
	archiveVersion = 1;
	classes = {
	};
	objectVersion = 52;
	objects = {

/* Begin PBXBuildFile section */
		260A34ED24FDDB4500008183 /* AppDelegate.swift in Sources */ = {isa = PBXBuildFile; fileRef = 260A34EC24FDDB4500008183 /* AppDelegate.swift */; };
		260A34EF24FDDB4500008183 /* SceneDelegate.swift in Sources */ = {isa = PBXBuildFile; fileRef = 260A34EE24FDDB4500008183 /* SceneDelegate.swift */; };
		260A34F124FDDB4500008183 /* ViewController.swift in Sources */ = {isa = PBXBuildFile; fileRef = 260A34F024FDDB4500008183 /* ViewController.swift */; };
		260A34F424FDDB4500008183 /* Main.storyboard in Resources */ = {isa = PBXBuildFile; fileRef = 260A34F224FDDB4500008183 /* Main.storyboard */; };
		260A34F724FDDB4500008183 /* Kea.xcdatamodeld in Sources */ = {isa = PBXBuildFile; fileRef = 260A34F524FDDB4500008183 /* Kea.xcdatamodeld */; };
		260A34F924FDDB4800008183 /* Assets.xcassets in Resources */ = {isa = PBXBuildFile; fileRef = 260A34F824FDDB4800008183 /* Assets.xcassets */; };
		260A34FC24FDDB4800008183 /* LaunchScreen.storyboard in Resources */ = {isa = PBXBuildFile; fileRef = 260A34FA24FDDB4800008183 /* LaunchScreen.storyboard */; };
		260A350824FDDCC700008183 /* SignUpViewController.swift in Sources */ = {isa = PBXBuildFile; fileRef = 260A350724FDDCC700008183 /* SignUpViewController.swift */; };
		260A350A24FDDCD500008183 /* LoginViewController.swift in Sources */ = {isa = PBXBuildFile; fileRef = 260A350924FDDCD500008183 /* LoginViewController.swift */; };
		260A350C24FDDCE800008183 /* HomeViewController.swift in Sources */ = {isa = PBXBuildFile; fileRef = 260A350B24FDDCE800008183 /* HomeViewController.swift */; };
		260A351024FDE7D200008183 /* Utilities.swift in Sources */ = {isa = PBXBuildFile; fileRef = 260A350F24FDE7D200008183 /* Utilities.swift */; };
		260A351424FEBEAF00008183 /* GoogleService-Info.plist in Resources */ = {isa = PBXBuildFile; fileRef = 260A351324FEBEAF00008183 /* GoogleService-Info.plist */; };
		260A351624FEC48700008183 /* Constants.swift in Sources */ = {isa = PBXBuildFile; fileRef = 260A351524FEC48700008183 /* Constants.swift */; };
		260A351924FEDDB000008183 /* viewControllerVideo.mp4 in Resources */ = {isa = PBXBuildFile; fileRef = 260A351824FEDDB000008183 /* viewControllerVideo.mp4 */; };
		26FF227C24FEEE160027FC4B /* Poppins-ExtraLight.ttf in Resources */ = {isa = PBXBuildFile; fileRef = 26FF227324FEEE150027FC4B /* Poppins-ExtraLight.ttf */; };
		26FF227D24FEEE160027FC4B /* Poppins-Thin.ttf in Resources */ = {isa = PBXBuildFile; fileRef = 26FF227424FEEE150027FC4B /* Poppins-Thin.ttf */; };
		26FF227E24FEEE160027FC4B /* Poppins-Bold.ttf in Resources */ = {isa = PBXBuildFile; fileRef = 26FF227524FEEE150027FC4B /* Poppins-Bold.ttf */; };
		26FF227F24FEEE160027FC4B /* Poppins-Black.ttf in Resources */ = {isa = PBXBuildFile; fileRef = 26FF227624FEEE150027FC4B /* Poppins-Black.ttf */; };
		26FF228024FEEE160027FC4B /* Poppins-Regular.ttf in Resources */ = {isa = PBXBuildFile; fileRef = 26FF227724FEEE150027FC4B /* Poppins-Regular.ttf */; };
		26FF228124FEEE160027FC4B /* Poppins-Medium.ttf in Resources */ = {isa = PBXBuildFile; fileRef = 26FF227824FEEE150027FC4B /* Poppins-Medium.ttf */; };
		26FF228224FEEE160027FC4B /* Poppins-SemiBold.ttf in Resources */ = {isa = PBXBuildFile; fileRef = 26FF227924FEEE160027FC4B /* Poppins-SemiBold.ttf */; };
		26FF228324FEEE160027FC4B /* Poppins-Light.ttf in Resources */ = {isa = PBXBuildFile; fileRef = 26FF227A24FEEE160027FC4B /* Poppins-Light.ttf */; };
		26FF228424FEEE160027FC4B /* Poppins-Italic.ttf in Resources */ = {isa = PBXBuildFile; fileRef = 26FF227B24FEEE160027FC4B /* Poppins-Italic.ttf */; };
		26FF229724FEF9EC0027FC4B /* UserCell.swift in Sources */ = {isa = PBXBuildFile; fileRef = 26FF229624FEF9EC0027FC4B /* UserCell.swift */; };
		26FF229924FEF9F70027FC4B /* PetCell.swift in Sources */ = {isa = PBXBuildFile; fileRef = 26FF229824FEF9F70027FC4B /* PetCell.swift */; };
		26FF229B24FF14370027FC4B /* PetData.swift in Sources */ = {isa = PBXBuildFile; fileRef = 26FF229A24FF14370027FC4B /* PetData.swift */; };
		26FF229D24FF263A0027FC4B /* UserViewController.swift in Sources */ = {isa = PBXBuildFile; fileRef = 26FF229C24FF263A0027FC4B /* UserViewController.swift */; };
		26FF229F24FF2B600027FC4B /* UserData.swift in Sources */ = {isa = PBXBuildFile; fileRef = 26FF229E24FF2B600027FC4B /* UserData.swift */; };
		26FF22B424FF678F0027FC4B /* User+CoreDataClass.swift in Sources */ = {isa = PBXBuildFile; fileRef = 26FF22B024FF678F0027FC4B /* User+CoreDataClass.swift */; };
		26FF22B524FF678F0027FC4B /* User+CoreDataProperties.swift in Sources */ = {isa = PBXBuildFile; fileRef = 26FF22B124FF678F0027FC4B /* User+CoreDataProperties.swift */; };
		26FF22B624FF678F0027FC4B /* Pet+CoreDataClass.swift in Sources */ = {isa = PBXBuildFile; fileRef = 26FF22B224FF678F0027FC4B /* Pet+CoreDataClass.swift */; };
		26FF22B724FF678F0027FC4B /* Pet+CoreDataProperties.swift in Sources */ = {isa = PBXBuildFile; fileRef = 26FF22B324FF678F0027FC4B /* Pet+CoreDataProperties.swift */; };
		26FF22BE25004A6C0027FC4B /* SDWebImageSwiftUI in Frameworks */ = {isa = PBXBuildFile; productRef = 26FF22BD25004A6C0027FC4B /* SDWebImageSwiftUI */; };
		4AFB71F24B8382BBD12E2E1D /* Pods_Kea.framework in Frameworks */ = {isa = PBXBuildFile; fileRef = 396F75C791CF2A2D703BF278 /* Pods_Kea.framework */; };
/* End PBXBuildFile section */

/* Begin PBXFileReference section */
		260A34E924FDDB4500008183 /* Kea.app */ = {isa = PBXFileReference; explicitFileType = wrapper.application; includeInIndex = 0; path = Kea.app; sourceTree = BUILT_PRODUCTS_DIR; };
		260A34EC24FDDB4500008183 /* AppDelegate.swift */ = {isa = PBXFileReference; lastKnownFileType = sourcecode.swift; path = AppDelegate.swift; sourceTree = "<group>"; };
		260A34EE24FDDB4500008183 /* SceneDelegate.swift */ = {isa = PBXFileReference; lastKnownFileType = sourcecode.swift; path = SceneDelegate.swift; sourceTree = "<group>"; };
		260A34F024FDDB4500008183 /* ViewController.swift */ = {isa = PBXFileReference; lastKnownFileType = sourcecode.swift; name = ViewController.swift; path = ../ViewController.swift; sourceTree = "<group>"; };
		260A34F324FDDB4500008183 /* Base */ = {isa = PBXFileReference; lastKnownFileType = file.storyboard; name = Base; path = Base.lproj/Main.storyboard; sourceTree = "<group>"; };
		260A34F624FDDB4500008183 /* Kea.xcdatamodel */ = {isa = PBXFileReference; lastKnownFileType = wrapper.xcdatamodel; path = Kea.xcdatamodel; sourceTree = "<group>"; };
		260A34F824FDDB4800008183 /* Assets.xcassets */ = {isa = PBXFileReference; lastKnownFileType = folder.assetcatalog; path = Assets.xcassets; sourceTree = "<group>"; };
		260A34FB24FDDB4800008183 /* Base */ = {isa = PBXFileReference; lastKnownFileType = file.storyboard; name = Base; path = Base.lproj/LaunchScreen.storyboard; sourceTree = "<group>"; };
		260A34FD24FDDB4800008183 /* Info.plist */ = {isa = PBXFileReference; lastKnownFileType = text.plist.xml; path = Info.plist; sourceTree = "<group>"; };
		260A350724FDDCC700008183 /* SignUpViewController.swift */ = {isa = PBXFileReference; lastKnownFileType = sourcecode.swift; path = SignUpViewController.swift; sourceTree = "<group>"; };
		260A350924FDDCD500008183 /* LoginViewController.swift */ = {isa = PBXFileReference; lastKnownFileType = sourcecode.swift; path = LoginViewController.swift; sourceTree = "<group>"; };
		260A350B24FDDCE800008183 /* HomeViewController.swift */ = {isa = PBXFileReference; lastKnownFileType = sourcecode.swift; path = HomeViewController.swift; sourceTree = "<group>"; };
		260A350F24FDE7D200008183 /* Utilities.swift */ = {isa = PBXFileReference; lastKnownFileType = sourcecode.swift; path = Utilities.swift; sourceTree = "<group>"; };
		260A351324FEBEAF00008183 /* GoogleService-Info.plist */ = {isa = PBXFileReference; fileEncoding = 4; lastKnownFileType = text.plist.xml; path = "GoogleService-Info.plist"; sourceTree = "<group>"; };
		260A351524FEC48700008183 /* Constants.swift */ = {isa = PBXFileReference; lastKnownFileType = sourcecode.swift; path = Constants.swift; sourceTree = "<group>"; };
		260A351824FEDDB000008183 /* viewControllerVideo.mp4 */ = {isa = PBXFileReference; lastKnownFileType = file; path = viewControllerVideo.mp4; sourceTree = "<group>"; };
		26FF227324FEEE150027FC4B /* Poppins-ExtraLight.ttf */ = {isa = PBXFileReference; lastKnownFileType = file; path = "Poppins-ExtraLight.ttf"; sourceTree = "<group>"; };
		26FF227424FEEE150027FC4B /* Poppins-Thin.ttf */ = {isa = PBXFileReference; lastKnownFileType = file; path = "Poppins-Thin.ttf"; sourceTree = "<group>"; };
		26FF227524FEEE150027FC4B /* Poppins-Bold.ttf */ = {isa = PBXFileReference; lastKnownFileType = file; path = "Poppins-Bold.ttf"; sourceTree = "<group>"; };
		26FF227624FEEE150027FC4B /* Poppins-Black.ttf */ = {isa = PBXFileReference; lastKnownFileType = file; path = "Poppins-Black.ttf"; sourceTree = "<group>"; };
		26FF227724FEEE150027FC4B /* Poppins-Regular.ttf */ = {isa = PBXFileReference; lastKnownFileType = file; path = "Poppins-Regular.ttf"; sourceTree = "<group>"; };
		26FF227824FEEE150027FC4B /* Poppins-Medium.ttf */ = {isa = PBXFileReference; lastKnownFileType = file; path = "Poppins-Medium.ttf"; sourceTree = "<group>"; };
		26FF227924FEEE160027FC4B /* Poppins-SemiBold.ttf */ = {isa = PBXFileReference; lastKnownFileType = file; path = "Poppins-SemiBold.ttf"; sourceTree = "<group>"; };
		26FF227A24FEEE160027FC4B /* Poppins-Light.ttf */ = {isa = PBXFileReference; lastKnownFileType = file; path = "Poppins-Light.ttf"; sourceTree = "<group>"; };
		26FF227B24FEEE160027FC4B /* Poppins-Italic.ttf */ = {isa = PBXFileReference; lastKnownFileType = file; path = "Poppins-Italic.ttf"; sourceTree = "<group>"; };
		26FF229624FEF9EC0027FC4B /* UserCell.swift */ = {isa = PBXFileReference; lastKnownFileType = sourcecode.swift; path = UserCell.swift; sourceTree = "<group>"; };
		26FF229824FEF9F70027FC4B /* PetCell.swift */ = {isa = PBXFileReference; lastKnownFileType = sourcecode.swift; path = PetCell.swift; sourceTree = "<group>"; };
		26FF229A24FF14370027FC4B /* PetData.swift */ = {isa = PBXFileReference; lastKnownFileType = sourcecode.swift; path = PetData.swift; sourceTree = "<group>"; };
		26FF229C24FF263A0027FC4B /* UserViewController.swift */ = {isa = PBXFileReference; lastKnownFileType = sourcecode.swift; path = UserViewController.swift; sourceTree = "<group>"; };
		26FF229E24FF2B600027FC4B /* UserData.swift */ = {isa = PBXFileReference; lastKnownFileType = sourcecode.swift; path = UserData.swift; sourceTree = "<group>"; };
		26FF22B024FF678F0027FC4B /* User+CoreDataClass.swift */ = {isa = PBXFileReference; lastKnownFileType = sourcecode.swift; path = "User+CoreDataClass.swift"; sourceTree = "<group>"; };
		26FF22B124FF678F0027FC4B /* User+CoreDataProperties.swift */ = {isa = PBXFileReference; lastKnownFileType = sourcecode.swift; path = "User+CoreDataProperties.swift"; sourceTree = "<group>"; };
		26FF22B224FF678F0027FC4B /* Pet+CoreDataClass.swift */ = {isa = PBXFileReference; lastKnownFileType = sourcecode.swift; path = "Pet+CoreDataClass.swift"; sourceTree = "<group>"; };
		26FF22B324FF678F0027FC4B /* Pet+CoreDataProperties.swift */ = {isa = PBXFileReference; lastKnownFileType = sourcecode.swift; path = "Pet+CoreDataProperties.swift"; sourceTree = "<group>"; };
		396F75C791CF2A2D703BF278 /* Pods_Kea.framework */ = {isa = PBXFileReference; explicitFileType = wrapper.framework; includeInIndex = 0; path = Pods_Kea.framework; sourceTree = BUILT_PRODUCTS_DIR; };
		9EF69B875F3AD6B0EEF8DBF4 /* Pods-Kea.debug.xcconfig */ = {isa = PBXFileReference; includeInIndex = 1; lastKnownFileType = text.xcconfig; name = "Pods-Kea.debug.xcconfig"; path = "Target Support Files/Pods-Kea/Pods-Kea.debug.xcconfig"; sourceTree = "<group>"; };
		A177F47D209843B34F9A4BD4 /* Pods-Kea.release.xcconfig */ = {isa = PBXFileReference; includeInIndex = 1; lastKnownFileType = text.xcconfig; name = "Pods-Kea.release.xcconfig"; path = "Target Support Files/Pods-Kea/Pods-Kea.release.xcconfig"; sourceTree = "<group>"; };
/* End PBXFileReference section */

/* Begin PBXFrameworksBuildPhase section */
		260A34E624FDDB4500008183 /* Frameworks */ = {
			isa = PBXFrameworksBuildPhase;
			buildActionMask = 2147483647;
			files = (
				26FF22BE25004A6C0027FC4B /* SDWebImageSwiftUI in Frameworks */,
				4AFB71F24B8382BBD12E2E1D /* Pods_Kea.framework in Frameworks */,
			);
			runOnlyForDeploymentPostprocessing = 0;
		};
/* End PBXFrameworksBuildPhase section */

/* Begin PBXGroup section */
		260A34E024FDDB4500008183 = {
			isa = PBXGroup;
			children = (
				260A34EB24FDDB4500008183 /* Kea */,
				260A34EA24FDDB4500008183 /* Products */,
				98B7D2AC98A84F15B9FEF51E /* Pods */,
				FED1F510B4F257EDF8A895BF /* Frameworks */,
			);
			sourceTree = "<group>";
		};
		260A34EA24FDDB4500008183 /* Products */ = {
			isa = PBXGroup;
			children = (
				260A34E924FDDB4500008183 /* Kea.app */,
			);
			name = Products;
			sourceTree = "<group>";
		};
		260A34EB24FDDB4500008183 /* Kea */ = {
			isa = PBXGroup;
			children = (
				260A34EC24FDDB4500008183 /* AppDelegate.swift */,
				260A34EE24FDDB4500008183 /* SceneDelegate.swift */,
				260A34FD24FDDB4800008183 /* Info.plist */,
				260A351324FEBEAF00008183 /* GoogleService-Info.plist */,
				26FF227224FEEDD70027FC4B /* Fonts */,
				260A350E24FDE7B000008183 /* Helpers */,
				26FF229524FEF9CA0027FC4B /* Cells */,
				260A351724FECEFA00008183 /* Media */,
				260A350324FDDBDC00008183 /* Model  */,
				260A350524FDDBFC00008183 /* Controller */,
				260A350424FDDBF400008183 /* View */,
				260A350624FDDC0400008183 /* Networking */,
			);
			path = Kea;
			sourceTree = "<group>";
		};
		260A350324FDDBDC00008183 /* Model  */ = {
			isa = PBXGroup;
			children = (
				260A34F524FDDB4500008183 /* Kea.xcdatamodeld */,
				26FF22B024FF678F0027FC4B /* User+CoreDataClass.swift */,
				26FF22B124FF678F0027FC4B /* User+CoreDataProperties.swift */,
				26FF22B224FF678F0027FC4B /* Pet+CoreDataClass.swift */,
				26FF22B324FF678F0027FC4B /* Pet+CoreDataProperties.swift */,
				26FF229E24FF2B600027FC4B /* UserData.swift */,
				26FF229A24FF14370027FC4B /* PetData.swift */,
			);
			path = "Model ";
			sourceTree = "<group>";
		};
		260A350424FDDBF400008183 /* View */ = {
			isa = PBXGroup;
			children = (
				260A34F224FDDB4500008183 /* Main.storyboard */,
				260A34F824FDDB4800008183 /* Assets.xcassets */,
				260A34FA24FDDB4800008183 /* LaunchScreen.storyboard */,
			);
			path = View;
			sourceTree = "<group>";
		};
		260A350524FDDBFC00008183 /* Controller */ = {
			isa = PBXGroup;
			children = (
				260A34F024FDDB4500008183 /* ViewController.swift */,
				260A350724FDDCC700008183 /* SignUpViewController.swift */,
				260A350924FDDCD500008183 /* LoginViewController.swift */,
				26FF229C24FF263A0027FC4B /* UserViewController.swift */,
				260A350B24FDDCE800008183 /* HomeViewController.swift */,
			);
			path = Controller;
			sourceTree = "<group>";
		};
		260A350624FDDC0400008183 /* Networking */ = {
			isa = PBXGroup;
			children = (
			);
			path = Networking;
			sourceTree = "<group>";
		};
		260A350E24FDE7B000008183 /* Helpers */ = {
			isa = PBXGroup;
			children = (
				260A350F24FDE7D200008183 /* Utilities.swift */,
				260A351524FEC48700008183 /* Constants.swift */,
			);
			path = Helpers;
			sourceTree = "<group>";
		};
		260A351724FECEFA00008183 /* Media */ = {
			isa = PBXGroup;
			children = (
				260A351824FEDDB000008183 /* viewControllerVideo.mp4 */,
			);
			path = Media;
			sourceTree = "<group>";
		};
		26FF227224FEEDD70027FC4B /* Fonts */ = {
			isa = PBXGroup;
			children = (
				26FF227624FEEE150027FC4B /* Poppins-Black.ttf */,
				26FF227524FEEE150027FC4B /* Poppins-Bold.ttf */,
				26FF227324FEEE150027FC4B /* Poppins-ExtraLight.ttf */,
				26FF227B24FEEE160027FC4B /* Poppins-Italic.ttf */,
				26FF227A24FEEE160027FC4B /* Poppins-Light.ttf */,
				26FF227824FEEE150027FC4B /* Poppins-Medium.ttf */,
				26FF227724FEEE150027FC4B /* Poppins-Regular.ttf */,
				26FF227924FEEE160027FC4B /* Poppins-SemiBold.ttf */,
				26FF227424FEEE150027FC4B /* Poppins-Thin.ttf */,
			);
			path = Fonts;
			sourceTree = "<group>";
		};
		26FF229524FEF9CA0027FC4B /* Cells */ = {
			isa = PBXGroup;
			children = (
				26FF229624FEF9EC0027FC4B /* UserCell.swift */,
				26FF229824FEF9F70027FC4B /* PetCell.swift */,
			);
			path = Cells;
			sourceTree = "<group>";
		};
		98B7D2AC98A84F15B9FEF51E /* Pods */ = {
			isa = PBXGroup;
			children = (
				9EF69B875F3AD6B0EEF8DBF4 /* Pods-Kea.debug.xcconfig */,
				A177F47D209843B34F9A4BD4 /* Pods-Kea.release.xcconfig */,
			);
			path = Pods;
			sourceTree = "<group>";
		};
		FED1F510B4F257EDF8A895BF /* Frameworks */ = {
			isa = PBXGroup;
			children = (
				396F75C791CF2A2D703BF278 /* Pods_Kea.framework */,
			);
			name = Frameworks;
			sourceTree = "<group>";
		};
/* End PBXGroup section */

/* Begin PBXNativeTarget section */
		260A34E824FDDB4500008183 /* Kea */ = {
			isa = PBXNativeTarget;
			buildConfigurationList = 260A350024FDDB4800008183 /* Build configuration list for PBXNativeTarget "Kea" */;
			buildPhases = (
				3A1CE87D113569A0914051AE /* [CP] Check Pods Manifest.lock */,
				260A34E524FDDB4500008183 /* Sources */,
				260A34E624FDDB4500008183 /* Frameworks */,
				260A34E724FDDB4500008183 /* Resources */,
				BE31679616FE9E17DB1E14A5 /* [CP] Embed Pods Frameworks */,
			);
			buildRules = (
			);
			dependencies = (
			);
			name = Kea;
			packageProductDependencies = (
				26FF22BD25004A6C0027FC4B /* SDWebImageSwiftUI */,
			);
			productName = Kea;
			productReference = 260A34E924FDDB4500008183 /* Kea.app */;
			productType = "com.apple.product-type.application";
		};
/* End PBXNativeTarget section */

/* Begin PBXProject section */
		260A34E124FDDB4500008183 /* Project object */ = {
			isa = PBXProject;
			attributes = {
				LastSwiftUpdateCheck = 1160;
				LastUpgradeCheck = 1160;
				ORGANIZATIONNAME = "Anmol Raibhandare";
				TargetAttributes = {
					260A34E824FDDB4500008183 = {
						CreatedOnToolsVersion = 11.6;
					};
				};
			};
			buildConfigurationList = 260A34E424FDDB4500008183 /* Build configuration list for PBXProject "Kea" */;
			compatibilityVersion = "Xcode 9.3";
			developmentRegion = en;
			hasScannedForEncodings = 0;
			knownRegions = (
				en,
				Base,
			);
			mainGroup = 260A34E024FDDB4500008183;
			packageReferences = (
				26FF22BC25004A6B0027FC4B /* XCRemoteSwiftPackageReference "SDWebImageSwiftUI" */,
			);
			productRefGroup = 260A34EA24FDDB4500008183 /* Products */;
			projectDirPath = "";
			projectRoot = "";
			targets = (
				260A34E824FDDB4500008183 /* Kea */,
			);
		};
/* End PBXProject section */

/* Begin PBXResourcesBuildPhase section */
		260A34E724FDDB4500008183 /* Resources */ = {
			isa = PBXResourcesBuildPhase;
			buildActionMask = 2147483647;
			files = (
				26FF227C24FEEE160027FC4B /* Poppins-ExtraLight.ttf in Resources */,
				26FF228324FEEE160027FC4B /* Poppins-Light.ttf in Resources */,
				26FF228424FEEE160027FC4B /* Poppins-Italic.ttf in Resources */,
				26FF227D24FEEE160027FC4B /* Poppins-Thin.ttf in Resources */,
				26FF228124FEEE160027FC4B /* Poppins-Medium.ttf in Resources */,
				260A34FC24FDDB4800008183 /* LaunchScreen.storyboard in Resources */,
				26FF227E24FEEE160027FC4B /* Poppins-Bold.ttf in Resources */,
				260A351424FEBEAF00008183 /* GoogleService-Info.plist in Resources */,
				260A34F924FDDB4800008183 /* Assets.xcassets in Resources */,
				26FF227F24FEEE160027FC4B /* Poppins-Black.ttf in Resources */,
				260A351924FEDDB000008183 /* viewControllerVideo.mp4 in Resources */,
				26FF228224FEEE160027FC4B /* Poppins-SemiBold.ttf in Resources */,
				260A34F424FDDB4500008183 /* Main.storyboard in Resources */,
				26FF228024FEEE160027FC4B /* Poppins-Regular.ttf in Resources */,
			);
			runOnlyForDeploymentPostprocessing = 0;
		};
/* End PBXResourcesBuildPhase section */

/* Begin PBXShellScriptBuildPhase section */
		3A1CE87D113569A0914051AE /* [CP] Check Pods Manifest.lock */ = {
			isa = PBXShellScriptBuildPhase;
			buildActionMask = 2147483647;
			files = (
			);
			inputFileListPaths = (
			);
			inputPaths = (
				"${PODS_PODFILE_DIR_PATH}/Podfile.lock",
				"${PODS_ROOT}/Manifest.lock",
			);
			name = "[CP] Check Pods Manifest.lock";
			outputFileListPaths = (
			);
			outputPaths = (
				"$(DERIVED_FILE_DIR)/Pods-Kea-checkManifestLockResult.txt",
			);
			runOnlyForDeploymentPostprocessing = 0;
			shellPath = /bin/sh;
			shellScript = "diff \"${PODS_PODFILE_DIR_PATH}/Podfile.lock\" \"${PODS_ROOT}/Manifest.lock\" > /dev/null\nif [ $? != 0 ] ; then\n    # print error to STDERR\n    echo \"error: The sandbox is not in sync with the Podfile.lock. Run 'pod install' or update your CocoaPods installation.\" >&2\n    exit 1\nfi\n# This output is used by Xcode 'outputs' to avoid re-running this script phase.\necho \"SUCCESS\" > \"${SCRIPT_OUTPUT_FILE_0}\"\n";
			showEnvVarsInLog = 0;
		};
		BE31679616FE9E17DB1E14A5 /* [CP] Embed Pods Frameworks */ = {
			isa = PBXShellScriptBuildPhase;
			buildActionMask = 2147483647;
			files = (
			);
			inputFileListPaths = (
				"${PODS_ROOT}/Target Support Files/Pods-Kea/Pods-Kea-frameworks-${CONFIGURATION}-input-files.xcfilelist",
			);
			name = "[CP] Embed Pods Frameworks";
			outputFileListPaths = (
				"${PODS_ROOT}/Target Support Files/Pods-Kea/Pods-Kea-frameworks-${CONFIGURATION}-output-files.xcfilelist",
			);
			runOnlyForDeploymentPostprocessing = 0;
			shellPath = /bin/sh;
			shellScript = "\"${PODS_ROOT}/Target Support Files/Pods-Kea/Pods-Kea-frameworks.sh\"\n";
			showEnvVarsInLog = 0;
		};
/* End PBXShellScriptBuildPhase section */

/* Begin PBXSourcesBuildPhase section */
		260A34E524FDDB4500008183 /* Sources */ = {
			isa = PBXSourcesBuildPhase;
			buildActionMask = 2147483647;
			files = (
				260A350A24FDDCD500008183 /* LoginViewController.swift in Sources */,
				26FF229924FEF9F70027FC4B /* PetCell.swift in Sources */,
				26FF22B524FF678F0027FC4B /* User+CoreDataProperties.swift in Sources */,
				26FF229D24FF263A0027FC4B /* UserViewController.swift in Sources */,
				260A34F124FDDB4500008183 /* ViewController.swift in Sources */,
				260A34F724FDDB4500008183 /* Kea.xcdatamodeld in Sources */,
				26FF229724FEF9EC0027FC4B /* UserCell.swift in Sources */,
				260A34ED24FDDB4500008183 /* AppDelegate.swift in Sources */,
				260A34EF24FDDB4500008183 /* SceneDelegate.swift in Sources */,
				260A350C24FDDCE800008183 /* HomeViewController.swift in Sources */,
				26FF229F24FF2B600027FC4B /* UserData.swift in Sources */,
				26FF22B624FF678F0027FC4B /* Pet+CoreDataClass.swift in Sources */,
				26FF229B24FF14370027FC4B /* PetData.swift in Sources */,
				260A351024FDE7D200008183 /* Utilities.swift in Sources */,
				260A350824FDDCC700008183 /* SignUpViewController.swift in Sources */,
				260A351624FEC48700008183 /* Constants.swift in Sources */,
				26FF22B424FF678F0027FC4B /* User+CoreDataClass.swift in Sources */,
				26FF22B724FF678F0027FC4B /* Pet+CoreDataProperties.swift in Sources */,
			);
			runOnlyForDeploymentPostprocessing = 0;
		};
/* End PBXSourcesBuildPhase section */

/* Begin PBXVariantGroup section */
		260A34F224FDDB4500008183 /* Main.storyboard */ = {
			isa = PBXVariantGroup;
			children = (
				260A34F324FDDB4500008183 /* Base */,
			);
			name = Main.storyboard;
			sourceTree = "<group>";
		};
		260A34FA24FDDB4800008183 /* LaunchScreen.storyboard */ = {
			isa = PBXVariantGroup;
			children = (
				260A34FB24FDDB4800008183 /* Base */,
			);
			name = LaunchScreen.storyboard;
			sourceTree = "<group>";
		};
/* End PBXVariantGroup section */

/* Begin XCBuildConfiguration section */
		260A34FE24FDDB4800008183 /* Debug */ = {
			isa = XCBuildConfiguration;
			buildSettings = {
				ALWAYS_SEARCH_USER_PATHS = NO;
				CLANG_ANALYZER_NONNULL = YES;
				CLANG_ANALYZER_NUMBER_OBJECT_CONVERSION = YES_AGGRESSIVE;
				CLANG_CXX_LANGUAGE_STANDARD = "gnu++14";
				CLANG_CXX_LIBRARY = "libc++";
				CLANG_ENABLE_MODULES = YES;
				CLANG_ENABLE_OBJC_ARC = YES;
				CLANG_ENABLE_OBJC_WEAK = YES;
				CLANG_WARN_BLOCK_CAPTURE_AUTORELEASING = YES;
				CLANG_WARN_BOOL_CONVERSION = YES;
				CLANG_WARN_COMMA = YES;
				CLANG_WARN_CONSTANT_CONVERSION = YES;
				CLANG_WARN_DEPRECATED_OBJC_IMPLEMENTATIONS = YES;
				CLANG_WARN_DIRECT_OBJC_ISA_USAGE = YES_ERROR;
				CLANG_WARN_DOCUMENTATION_COMMENTS = YES;
				CLANG_WARN_EMPTY_BODY = YES;
				CLANG_WARN_ENUM_CONVERSION = YES;
				CLANG_WARN_INFINITE_RECURSION = YES;
				CLANG_WARN_INT_CONVERSION = YES;
				CLANG_WARN_NON_LITERAL_NULL_CONVERSION = YES;
				CLANG_WARN_OBJC_IMPLICIT_RETAIN_SELF = YES;
				CLANG_WARN_OBJC_LITERAL_CONVERSION = YES;
				CLANG_WARN_OBJC_ROOT_CLASS = YES_ERROR;
				CLANG_WARN_RANGE_LOOP_ANALYSIS = YES;
				CLANG_WARN_STRICT_PROTOTYPES = YES;
				CLANG_WARN_SUSPICIOUS_MOVE = YES;
				CLANG_WARN_UNGUARDED_AVAILABILITY = YES_AGGRESSIVE;
				CLANG_WARN_UNREACHABLE_CODE = YES;
				CLANG_WARN__DUPLICATE_METHOD_MATCH = YES;
				COPY_PHASE_STRIP = NO;
				DEBUG_INFORMATION_FORMAT = dwarf;
				ENABLE_STRICT_OBJC_MSGSEND = YES;
				ENABLE_TESTABILITY = YES;
				GCC_C_LANGUAGE_STANDARD = gnu11;
				GCC_DYNAMIC_NO_PIC = NO;
				GCC_NO_COMMON_BLOCKS = YES;
				GCC_OPTIMIZATION_LEVEL = 0;
				GCC_PREPROCESSOR_DEFINITIONS = (
					"DEBUG=1",
					"$(inherited)",
				);
				GCC_WARN_64_TO_32_BIT_CONVERSION = YES;
				GCC_WARN_ABOUT_RETURN_TYPE = YES_ERROR;
				GCC_WARN_UNDECLARED_SELECTOR = YES;
				GCC_WARN_UNINITIALIZED_AUTOS = YES_AGGRESSIVE;
				GCC_WARN_UNUSED_FUNCTION = YES;
				GCC_WARN_UNUSED_VARIABLE = YES;
				IPHONEOS_DEPLOYMENT_TARGET = 13.6;
				MTL_ENABLE_DEBUG_INFO = INCLUDE_SOURCE;
				MTL_FAST_MATH = YES;
				ONLY_ACTIVE_ARCH = YES;
				SDKROOT = iphoneos;
				SWIFT_ACTIVE_COMPILATION_CONDITIONS = DEBUG;
				SWIFT_OPTIMIZATION_LEVEL = "-Onone";
			};
			name = Debug;
		};
		260A34FF24FDDB4800008183 /* Release */ = {
			isa = XCBuildConfiguration;
			buildSettings = {
				ALWAYS_SEARCH_USER_PATHS = NO;
				CLANG_ANALYZER_NONNULL = YES;
				CLANG_ANALYZER_NUMBER_OBJECT_CONVERSION = YES_AGGRESSIVE;
				CLANG_CXX_LANGUAGE_STANDARD = "gnu++14";
				CLANG_CXX_LIBRARY = "libc++";
				CLANG_ENABLE_MODULES = YES;
				CLANG_ENABLE_OBJC_ARC = YES;
				CLANG_ENABLE_OBJC_WEAK = YES;
				CLANG_WARN_BLOCK_CAPTURE_AUTORELEASING = YES;
				CLANG_WARN_BOOL_CONVERSION = YES;
				CLANG_WARN_COMMA = YES;
				CLANG_WARN_CONSTANT_CONVERSION = YES;
				CLANG_WARN_DEPRECATED_OBJC_IMPLEMENTATIONS = YES;
				CLANG_WARN_DIRECT_OBJC_ISA_USAGE = YES_ERROR;
				CLANG_WARN_DOCUMENTATION_COMMENTS = YES;
				CLANG_WARN_EMPTY_BODY = YES;
				CLANG_WARN_ENUM_CONVERSION = YES;
				CLANG_WARN_INFINITE_RECURSION = YES;
				CLANG_WARN_INT_CONVERSION = YES;
				CLANG_WARN_NON_LITERAL_NULL_CONVERSION = YES;
				CLANG_WARN_OBJC_IMPLICIT_RETAIN_SELF = YES;
				CLANG_WARN_OBJC_LITERAL_CONVERSION = YES;
				CLANG_WARN_OBJC_ROOT_CLASS = YES_ERROR;
				CLANG_WARN_RANGE_LOOP_ANALYSIS = YES;
				CLANG_WARN_STRICT_PROTOTYPES = YES;
				CLANG_WARN_SUSPICIOUS_MOVE = YES;
				CLANG_WARN_UNGUARDED_AVAILABILITY = YES_AGGRESSIVE;
				CLANG_WARN_UNREACHABLE_CODE = YES;
				CLANG_WARN__DUPLICATE_METHOD_MATCH = YES;
				COPY_PHASE_STRIP = NO;
				DEBUG_INFORMATION_FORMAT = "dwarf-with-dsym";
				ENABLE_NS_ASSERTIONS = NO;
				ENABLE_STRICT_OBJC_MSGSEND = YES;
				GCC_C_LANGUAGE_STANDARD = gnu11;
				GCC_NO_COMMON_BLOCKS = YES;
				GCC_WARN_64_TO_32_BIT_CONVERSION = YES;
				GCC_WARN_ABOUT_RETURN_TYPE = YES_ERROR;
				GCC_WARN_UNDECLARED_SELECTOR = YES;
				GCC_WARN_UNINITIALIZED_AUTOS = YES_AGGRESSIVE;
				GCC_WARN_UNUSED_FUNCTION = YES;
				GCC_WARN_UNUSED_VARIABLE = YES;
				IPHONEOS_DEPLOYMENT_TARGET = 13.6;
				MTL_ENABLE_DEBUG_INFO = NO;
				MTL_FAST_MATH = YES;
				SDKROOT = iphoneos;
				SWIFT_COMPILATION_MODE = wholemodule;
				SWIFT_OPTIMIZATION_LEVEL = "-O";
				VALIDATE_PRODUCT = YES;
			};
			name = Release;
		};
		260A350124FDDB4800008183 /* Debug */ = {
			isa = XCBuildConfiguration;
			baseConfigurationReference = 9EF69B875F3AD6B0EEF8DBF4 /* Pods-Kea.debug.xcconfig */;
			buildSettings = {
				ASSETCATALOG_COMPILER_APPICON_NAME = AppIcon;
				CODE_SIGN_STYLE = Automatic;
				DEVELOPMENT_TEAM = 3KU5S276FP;
				INFOPLIST_FILE = Kea/Info.plist;
				LD_RUNPATH_SEARCH_PATHS = (
					"$(inherited)",
					"@executable_path/Frameworks",
				);
				PRODUCT_BUNDLE_IDENTIFIER = com.aray.Kea;
				PRODUCT_NAME = "$(TARGET_NAME)";
				SWIFT_VERSION = 5.0;
				TARGETED_DEVICE_FAMILY = "1,2";
			};
			name = Debug;
		};
		260A350224FDDB4800008183 /* Release */ = {
			isa = XCBuildConfiguration;
			baseConfigurationReference = A177F47D209843B34F9A4BD4 /* Pods-Kea.release.xcconfig */;
			buildSettings = {
				ASSETCATALOG_COMPILER_APPICON_NAME = AppIcon;
				CODE_SIGN_STYLE = Automatic;
				DEVELOPMENT_TEAM = 3KU5S276FP;
				INFOPLIST_FILE = Kea/Info.plist;
				LD_RUNPATH_SEARCH_PATHS = (
					"$(inherited)",
					"@executable_path/Frameworks",
				);
				PRODUCT_BUNDLE_IDENTIFIER = com.aray.Kea;
				PRODUCT_NAME = "$(TARGET_NAME)";
				SWIFT_VERSION = 5.0;
				TARGETED_DEVICE_FAMILY = "1,2";
			};
			name = Release;
		};
/* End XCBuildConfiguration section */

/* Begin XCConfigurationList section */
		260A34E424FDDB4500008183 /* Build configuration list for PBXProject "Kea" */ = {
			isa = XCConfigurationList;
			buildConfigurations = (
				260A34FE24FDDB4800008183 /* Debug */,
				260A34FF24FDDB4800008183 /* Release */,
			);
			defaultConfigurationIsVisible = 0;
			defaultConfigurationName = Release;
		};
		260A350024FDDB4800008183 /* Build configuration list for PBXNativeTarget "Kea" */ = {
			isa = XCConfigurationList;
			buildConfigurations = (
				260A350124FDDB4800008183 /* Debug */,
				260A350224FDDB4800008183 /* Release */,
			);
			defaultConfigurationIsVisible = 0;
			defaultConfigurationName = Release;
		};
/* End XCConfigurationList section */

/* Begin XCRemoteSwiftPackageReference section */
		26FF22BC25004A6B0027FC4B /* XCRemoteSwiftPackageReference "SDWebImageSwiftUI" */ = {
			isa = XCRemoteSwiftPackageReference;
			repositoryURL = "https://github.com/SDWebImage/SDWebImageSwiftUI.git";
			requirement = {
				kind = upToNextMajorVersion;
				minimumVersion = 1.5.0;
			};
		};
/* End XCRemoteSwiftPackageReference section */

/* Begin XCSwiftPackageProductDependency section */
		26FF22BD25004A6C0027FC4B /* SDWebImageSwiftUI */ = {
			isa = XCSwiftPackageProductDependency;
			package = 26FF22BC25004A6B0027FC4B /* XCRemoteSwiftPackageReference "SDWebImageSwiftUI" */;
			productName = SDWebImageSwiftUI;
		};
/* End XCSwiftPackageProductDependency section */

/* Begin XCVersionGroup section */
		260A34F524FDDB4500008183 /* Kea.xcdatamodeld */ = {
			isa = XCVersionGroup;
			children = (
				260A34F624FDDB4500008183 /* Kea.xcdatamodel */,
			);
			currentVersion = 260A34F624FDDB4500008183 /* Kea.xcdatamodel */;
			path = Kea.xcdatamodeld;
			sourceTree = "<group>";
			versionGroupType = wrapper.xcdatamodel;
		};
/* End XCVersionGroup section */
	};
	rootObject = 260A34E124FDDB4500008183 /* Project object */;
}
